# This file is automatically @generated by Cargo.
# It is not intended for manual editing.
version = 4

[[package]]
name = "aarch64-paging"
version = "0.10.0"
source = "registry+https://github.com/rust-lang/crates.io-index"
checksum = "1f02b5bfa3a481fdade5948a994ce93aa6c76f67fc19f3a9b270565cf7dfc657"
dependencies = [
 "bitflags",
 "thiserror",
]

[[package]]
name = "aarch64-rt"
version = "0.2.2"
source = "registry+https://github.com/rust-lang/crates.io-index"
checksum = "683c4295f0608c531130ed6daf301785844c1f71eb126eb56343838968e728c5"

[[package]]
name = "arm-cci"
version = "0.1.1"
source = "registry+https://github.com/rust-lang/crates.io-index"
checksum = "c4882288a1394ae52c13ea81362a4f8b9dfac57ee2cb7df2ba1e7becd19ca2de"
dependencies = [
 "bitflags",
 "safe-mmio",
 "zerocopy",
]

[[package]]
name = "arm-ffa"
version = "0.4.1"
source = "registry+https://github.com/rust-lang/crates.io-index"
checksum = "441a40ad4752cff1cf8e84130ac4e13eaeca2c37d426a892337fd89c02ddc7f9"
dependencies = [
 "num_enum",
 "thiserror",
 "uuid",
 "zerocopy",
]

[[package]]
name = "arm-fvp-base-pac"
version = "0.1.3"
source = "registry+https://github.com/rust-lang/crates.io-index"
checksum = "60a80260bd7b64558fde8fde44f1321ecb6752b465e4ee5ed4ccfde166d18dba"
dependencies = [
 "arm-cci",
 "arm-generic-timer",
 "arm-gic 0.6.1",
 "arm-pl011-uart",
 "arm-sp805",
 "bitflags",
 "safe-mmio",
 "spin 0.10.0",
 "zerocopy",
]

[[package]]
name = "arm-generic-timer"
version = "0.1.1"
source = "registry+https://github.com/rust-lang/crates.io-index"
checksum = "eebe26eb90fa301b9bd2c44206bf867930fe1a3008b5e01939916908202a52c5"
dependencies = [
 "bitflags",
 "safe-mmio",
 "zerocopy",
]

[[package]]
name = "arm-gic"
version = "0.6.1"
source = "registry+https://github.com/rust-lang/crates.io-index"
checksum = "6bfdb03424c95b58315a4cb0ff4ca919568a5a28ae5ba960a1ad92c9ccaf49b9"
dependencies = [
 "bitflags",
 "safe-mmio",
 "thiserror",
 "zerocopy",
]

[[package]]
name = "arm-gic"
version = "0.7.1"
source = "registry+https://github.com/rust-lang/crates.io-index"
checksum = "fc8a5b06c02f993e98b0b3eb95c3acefb6889cc33a630621fb3e6c564502c2b0"
dependencies = [
 "bitflags",
 "safe-mmio",
 "thiserror",
 "zerocopy",
]

[[package]]
name = "arm-pl011-uart"
version = "0.3.2"
source = "registry+https://github.com/rust-lang/crates.io-index"
checksum = "8797e113733a36b5fa906c81aefc126d255b88dd1c10a737749aa22ec7736b6a"
dependencies = [
 "bitflags",
 "safe-mmio",
 "thiserror",
 "zerocopy",
]

[[package]]
name = "arm-psci"
version = "0.2.0"
source = "registry+https://github.com/rust-lang/crates.io-index"
checksum = "cb260c93c22f6aa06dd87a2cee5dfe79554c6ae228ec8fd256b31293e3d188ff"
dependencies = [
 "bitflags",
 "num_enum",
 "thiserror",
]

[[package]]
name = "arm-sp805"
version = "0.1.2"
source = "registry+https://github.com/rust-lang/crates.io-index"
checksum = "952e2661eff687e263d0bb6acef282092ee729eaea3586f904046f74b49bbe8d"
dependencies = [
 "bitflags",
 "safe-mmio",
 "zerocopy",
]

[[package]]
name = "arm-sysregs"
version = "0.1.0"
dependencies = [
 "bitflags",
 "paste",
]

[[package]]
name = "arrayvec"
version = "0.7.6"
source = "registry+https://github.com/rust-lang/crates.io-index"
checksum = "7c02d123df017efcdfbd739ef81735b36c5ba83ec3c59c80a9d7ecc718f92e50"

[[package]]
name = "bitflags"
version = "2.9.4"
source = "registry+https://github.com/rust-lang/crates.io-index"
checksum = "2261d10cca569e4643e526d8dc2e62e433cc8aba21ab764233731f8d369bf394"

[[package]]
name = "buddy_system_allocator"
version = "0.11.0"
source = "registry+https://github.com/rust-lang/crates.io-index"
checksum = "a1a0108968a3a2dab95b089c0fc3f1afa7759aa5ebe6f1d86d206d6f7ba726eb"
dependencies = [
 "spin 0.9.8",
]

[[package]]
name = "linkme"
version = "0.3.35"
source = "registry+https://github.com/rust-lang/crates.io-index"
checksum = "5e3283ed2d0e50c06dd8602e0ab319bb048b6325d0bba739db64ed8205179898"
dependencies = [
 "linkme-impl",
]

[[package]]
name = "linkme-impl"
version = "0.3.35"
source = "registry+https://github.com/rust-lang/crates.io-index"
checksum = "e5cec0ec4228b4853bb129c84dbf093a27e6c7a20526da046defc334a1b017f7"
dependencies = [
 "proc-macro2",
 "quote",
 "syn",
]

[[package]]
name = "lock_api"
version = "0.4.14"
source = "registry+https://github.com/rust-lang/crates.io-index"
checksum = "224399e74b87b5f3557511d98dff8b14089b3dadafcab6bb93eab67d3aace965"
dependencies = [
 "scopeguard",
]

[[package]]
name = "log"
version = "0.4.28"
source = "registry+https://github.com/rust-lang/crates.io-index"
checksum = "34080505efa8e45a4b816c349525ebe327ceaa8559756f0356cba97ef3bf7432"

[[package]]
name = "num_enum"
version = "0.7.4"
source = "registry+https://github.com/rust-lang/crates.io-index"
checksum = "a973b4e44ce6cad84ce69d797acf9a044532e4184c4f267913d1b546a0727b7a"
dependencies = [
 "num_enum_derive",
 "rustversion",
]

[[package]]
name = "num_enum_derive"
version = "0.7.4"
source = "registry+https://github.com/rust-lang/crates.io-index"
checksum = "77e878c846a8abae00dd069496dbe8751b16ac1c3d6bd2a7283a938e8228f90d"
dependencies = [
 "proc-macro2",
 "quote",
 "syn",
]

[[package]]
name = "paste"
version = "1.0.15"
source = "registry+https://github.com/rust-lang/crates.io-index"
checksum = "57c0d7b74b563b49d38dae00a0c37d4d6de9b432382b2892f0574ddcae73fd0a"

[[package]]
name = "percore"
version = "0.1.0"
source = "registry+https://github.com/rust-lang/crates.io-index"
checksum = "37f3b91128b19c0e881596447f5e0da98ab04214b1ecdc9237f0650e64e05181"

[[package]]
name = "proc-macro2"
version = "1.0.101"
source = "registry+https://github.com/rust-lang/crates.io-index"
checksum = "89ae43fd86e4158d6db51ad8e2b80f313af9cc74f5c0e03ccb87de09998732de"
dependencies = [
 "unicode-ident",
]

[[package]]
name = "quote"
version = "1.0.41"
source = "registry+https://github.com/rust-lang/crates.io-index"
checksum = "ce25767e7b499d1b604768e7cde645d14cc8584231ea6b295e9c9eb22c02e1d1"
dependencies = [
 "proc-macro2",
]

[[package]]
name = "rf-a-bl31"
version = "0.1.0"
dependencies = [
 "aarch64-paging",
 "arm-ffa",
 "arm-fvp-base-pac",
 "arm-gic 0.7.1",
 "arm-pl011-uart",
 "arm-psci",
 "arm-sysregs",
 "arrayvec",
 "bitflags",
 "log",
 "percore",
 "spin 0.10.0",
 "uuid",
 "zerocopy",
]

[[package]]
name = "rf-a-secure-test-framework"
version = "0.1.0"
dependencies = [
 "aarch64-rt",
 "arm-ffa",
 "arm-gic 0.7.1",
 "arm-pl011-uart",
 "arm-psci",
 "arm-sysregs",
 "bitflags",
 "buddy_system_allocator",
 "linkme",
 "log",
 "paste",
 "percore",
 "smccc",
 "spin 0.10.0",
 "thiserror",
]

[[package]]
name = "rustversion"
version = "1.0.22"
source = "registry+https://github.com/rust-lang/crates.io-index"
checksum = "b39cdef0fa800fc44525c84ccb54a029961a8215f9619753635a9c0d2538d46d"

[[package]]
name = "safe-mmio"
version = "0.2.5"
source = "registry+https://github.com/rust-lang/crates.io-index"
checksum = "db02a82ad13df46afeba34a4e54065fa912308b9101b060e4422898eac0e06f6"
dependencies = [
 "zerocopy",
]

[[package]]
name = "scopeguard"
version = "1.2.0"
source = "registry+https://github.com/rust-lang/crates.io-index"
checksum = "94143f37725109f92c262ed2cf5e59bce7498c01bcc1502d7b9afe439a4e9f49"

[[package]]
name = "smccc"
version = "0.2.2"
source = "registry+https://github.com/rust-lang/crates.io-index"
checksum = "7c73e0ca8c566478040487791c9f488f86c5aec846ca1ab18484be8a1d8c55cd"
dependencies = [
 "thiserror",
]

[[package]]
name = "spin"
version = "0.9.8"
source = "registry+https://github.com/rust-lang/crates.io-index"
checksum = "6980e8d7511241f8acf4aebddbb1ff938df5eebe98691418c4468d0b72a96a67"
dependencies = [
 "lock_api",
]

[[package]]
name = "spin"
version = "0.10.0"
source = "registry+https://github.com/rust-lang/crates.io-index"
checksum = "d5fe4ccb98d9c292d56fec89a5e07da7fc4cf0dc11e156b41793132775d3e591"

[[package]]
name = "syn"
version = "2.0.106"
source = "registry+https://github.com/rust-lang/crates.io-index"
checksum = "ede7c438028d4436d71104916910f5bb611972c5cfd7f89b8300a8186e6fada6"
dependencies = [
 "proc-macro2",
 "quote",
 "unicode-ident",
]

[[package]]
name = "thiserror"
version = "2.0.17"
source = "registry+https://github.com/rust-lang/crates.io-index"
checksum = "f63587ca0f12b72a0600bcba1d40081f830876000bb46dd2337a3051618f4fc8"
dependencies = [
 "thiserror-impl",
]

[[package]]
name = "thiserror-impl"
version = "2.0.17"
source = "registry+https://github.com/rust-lang/crates.io-index"
checksum = "3ff15c8ecd7de3849db632e14d18d2571fa09dfc5ed93479bc4485c7a517c913"
dependencies = [
 "proc-macro2",
 "quote",
 "syn",
]

[[package]]
name = "unicode-ident"
version = "1.0.19"
source = "registry+https://github.com/rust-lang/crates.io-index"
checksum = "f63a545481291138910575129486daeaf8ac54aee4387fe7906919f7830c7d9d"

[[package]]
name = "uuid"
version = "1.18.1"
source = "registry+https://github.com/rust-lang/crates.io-index"
checksum = "2f87b8aa10b915a06587d0dec516c282ff295b475d94abf425d62b57710070a2"

[[package]]
name = "zerocopy"
version = "0.8.27"
source = "registry+https://github.com/rust-lang/crates.io-index"
checksum = "0894878a5fa3edfd6da3f88c4805f4c8558e2b996227a3d864f47fe11e38282c"
dependencies = [
 "zerocopy-derive",
]

[[package]]
name = "zerocopy-derive"
version = "0.8.27"
source = "registry+https://github.com/rust-lang/crates.io-index"
checksum = "88d2b8d9c68ad2b9e4340d7832716a4d21a22a1154777ad56ea55c51a9cf3831"
dependencies = [
 "proc-macro2",
 "quote",
 "syn",
]
